#MicroXplorer Configuration settings - do not modify
CAD.formats=[]
CAD.pinconfig=Dual
CAD.provider=
FATFS.IPParameters=_USE_FASTSEEK
FATFS._USE_FASTSEEK=0
FREERTOS.FootprintOK=true
FREERTOS.IPParameters=Tasks01,FootprintOK
FREERTOS.Tasks01=defaultTask,24,128,StartDefaultTask,Default,NULL,Dynamic,NULL,NULL
File.Version=6
GPIO.groupedBy=
I2C1.IPParameters=Timing
I2C1.Timing=0x00506682
KeepUserPlacement=false
Mcu.CPN=STM32L412KBT6
Mcu.Family=STM32L4
Mcu.IP0=CRC
Mcu.IP1=FATFS
Mcu.IP10=SYS
Mcu.IP11=USB
Mcu.IP12=USB_DEVICE
Mcu.IP2=FREERTOS
Mcu.IP3=I2C1
Mcu.IP4=LPTIM1
Mcu.IP5=NVIC
Mcu.IP6=QUADSPI
Mcu.IP7=RCC
Mcu.IP8=RNG
Mcu.IP9=RTC
Mcu.IPNb=13
Mcu.Name=STM32L412KBTx
Mcu.Package=LQFP32
Mcu.Pin0=PC14-OSC32_IN (PC14)
Mcu.Pin1=PC15-OSC32_OUT (PC15)
Mcu.Pin10=PA8
Mcu.Pin11=PA9
Mcu.Pin12=PA10
Mcu.Pin13=PA11
Mcu.Pin14=PA12
Mcu.Pin15=PA13 (JTMS/SWDIO)
Mcu.Pin16=PA14 (JTCK/SWCLK)
Mcu.Pin17=PA15 (JTDI)
Mcu.Pin18=PB3 (JTDO/TRACESWO)
Mcu.Pin19=PB4 (NJTRST)
Mcu.Pin2=PA0-CK_IN
Mcu.Pin20=PB5
Mcu.Pin21=PB6
Mcu.Pin22=PB7
Mcu.Pin23=VP_CRC_VS_CRC
Mcu.Pin24=VP_FATFS_VS_Generic
Mcu.Pin25=VP_FREERTOS_VS_CMSIS_V2
Mcu.Pin26=VP_LPTIM1_VS_LPTIM_counterModeInternalClock
Mcu.Pin27=VP_RNG_VS_RNG
Mcu.Pin28=VP_RTC_VS_RTC_Activate
Mcu.Pin29=VP_RTC_VS_RTC_Calendar
Mcu.Pin3=PA1
Mcu.Pin30=VP_RTC_VS_RTC_Alarm_A_Intern
Mcu.Pin31=VP_SYS_VS_tim6
Mcu.Pin32=VP_USB_DEVICE_VS_USB_DEVICE_MSC_FS
Mcu.Pin33=VP_STMicroelectronics.X-CUBE-MEMS1_VS_BoardOoPartJjAcc_1.4.0_10.0.0
Mcu.Pin34=VP_STMicroelectronics.X-CUBE-NFC4_VS_BoardOoPartJjNFC_3.0.0_3.0.0
Mcu.Pin35=VP_STMicroelectronics.X-CUBE-NFC4_VS_WirelessJjlibIinfc_3.0.0_3.0.0
Mcu.Pin36=VP_STMicroelectronics.X-CUBE-NFC4_VS_BoardOoSupportJjSTM32CubeIiCustomIiBSPIiDrivers_3.0.0_3.0.0
Mcu.Pin4=PA2
Mcu.Pin5=PA3
Mcu.Pin6=PA6
Mcu.Pin7=PA7
Mcu.Pin8=PB0
Mcu.Pin9=PB1
Mcu.PinsNb=37
Mcu.ThirdParty0=STMicroelectronics.X-CUBE-MEMS1.10.0.0
Mcu.ThirdParty1=STMicroelectronics.X-CUBE-NFC4.3.0.0
Mcu.ThirdPartyNb=2
Mcu.UserConstants=
Mcu.UserName=STM32L412KBTx
MxCube.Version=6.10.0
MxDb.Version=DB.6.0.100
NVIC.BusFault_IRQn=true\:0\:0\:false\:false\:true\:false\:false\:false\:false
NVIC.DebugMonitor_IRQn=true\:0\:0\:false\:false\:true\:false\:false\:false\:false
NVIC.ForceEnableDMAVector=true
NVIC.HardFault_IRQn=true\:0\:0\:false\:false\:true\:false\:false\:false\:false
NVIC.MemoryManagement_IRQn=true\:0\:0\:false\:false\:true\:false\:false\:false\:false
NVIC.NonMaskableInt_IRQn=true\:0\:0\:false\:false\:true\:false\:false\:false\:false
NVIC.PendSV_IRQn=true\:15\:0\:false\:false\:false\:true\:false\:false\:false
NVIC.PriorityGroup=NVIC_PRIORITYGROUP_4
NVIC.SVCall_IRQn=true\:0\:0\:false\:false\:false\:false\:false\:false\:false
NVIC.SavedPendsvIrqHandlerGenerated=true
NVIC.SavedSvcallIrqHandlerGenerated=true
NVIC.SavedSystickIrqHandlerGenerated=true
NVIC.SysTick_IRQn=true\:15\:0\:false\:false\:false\:true\:false\:true\:false
NVIC.TIM6_IRQn=true\:15\:0\:false\:false\:true\:false\:false\:true\:true
NVIC.TimeBase=TIM6_IRQn
NVIC.TimeBaseIP=TIM6
NVIC.USB_IRQn=true\:5\:0\:false\:false\:true\:true\:false\:true\:true
NVIC.UsageFault_IRQn=true\:0\:0\:false\:false\:true\:false\:false\:false\:false
PA0-CK_IN.GPIOParameters=GPIO_Label
PA0-CK_IN.GPIO_Label=_NFC_INT
PA0-CK_IN.Locked=true
PA0-CK_IN.Signal=GPXTI0
PA1.GPIOParameters=GPIO_Label
PA1.GPIO_Label=_LIGHT_INT
PA1.Locked=true
PA1.Signal=GPXTI1
PA10.Mode=I2C
PA10.Signal=I2C1_SDA
PA11.Mode=Device
PA11.Signal=USB_DM
PA12.Mode=Device
PA12.Signal=USB_DP
PA13\ (JTMS/SWDIO).Locked=true
PA13\ (JTMS/SWDIO).Mode=Trace_Asynchronous_SW
PA13\ (JTMS/SWDIO).Signal=SYS_JTMS-SWDIO
PA14\ (JTCK/SWCLK).Locked=true
PA14\ (JTCK/SWCLK).Mode=Trace_Asynchronous_SW
PA14\ (JTCK/SWCLK).Signal=SYS_JTCK-SWCLK
PA15\ (JTDI).GPIOParameters=GPIO_Label
PA15\ (JTDI).GPIO_Label=_LED
PA15\ (JTDI).Locked=true
PA15\ (JTDI).Signal=GPIO_Output
PA2.Mode=Single Bank 1
PA2.Signal=QUADSPI_BK1_NCS
PA3.Mode=Single Bank 1
PA3.Signal=QUADSPI_CLK
PA6.Mode=Single Bank 1
PA6.Signal=QUADSPI_BK1_IO3
PA7.Mode=Single Bank 1
PA7.Signal=QUADSPI_BK1_IO2
PA8.GPIOParameters=GPIO_Label
PA8.GPIO_Label=USB_VBUS_SENSE
PA8.Locked=true
PA8.Signal=GPXTI8
PA9.Mode=I2C
PA9.Signal=I2C1_SCL
PB0.Mode=Single Bank 1
PB0.Signal=QUADSPI_BK1_IO1
PB1.Mode=Single Bank 1
PB1.Signal=QUADSPI_BK1_IO0
PB3\ (JTDO/TRACESWO).Mode=Trace_Asynchronous_SW
PB3\ (JTDO/TRACESWO).Signal=SYS_JTDO-SWO
PB4\ (NJTRST).GPIOParameters=GPIO_Label
PB4\ (NJTRST).GPIO_Label=_TEMP_RESET
PB4\ (NJTRST).Locked=true
PB4\ (NJTRST).Signal=GPIO_Output
PB5.GPIOParameters=GPIO_Label
PB5.GPIO_Label=TEMP_INT
PB5.Locked=true
PB5.Signal=GPXTI5
PB6.GPIOParameters=GPIO_Label
PB6.GPIO_Label=IMU_INT1
PB6.Locked=true
PB6.Signal=GPXTI6
PB7.GPIOParameters=GPIO_Label
PB7.GPIO_Label=IMU_INT2
PB7.Locked=true
PB7.Signal=GPXTI7
PC14-OSC32_IN\ (PC14).Locked=true
PC14-OSC32_IN\ (PC14).Mode=LSE-External-Oscillator
PC14-OSC32_IN\ (PC14).Signal=RCC_OSC32_IN
PC15-OSC32_OUT\ (PC15).Locked=true
PC15-OSC32_OUT\ (PC15).Mode=LSE-External-Oscillator
PC15-OSC32_OUT\ (PC15).Signal=RCC_OSC32_OUT
PinOutPanel.RotationAngle=0
ProjectManager.AskForMigrate=true
ProjectManager.BackupPrevious=false
ProjectManager.CompilerOptimize=6
ProjectManager.ComputerToolchain=false
ProjectManager.CoupleFile=true
ProjectManager.CustomerFirmwarePackage=
ProjectManager.DefaultFWLocation=true
ProjectManager.DeletePrevious=true
ProjectManager.DeviceId=STM32L412KBTx
ProjectManager.FirmwarePackage=STM32Cube FW_L4 V1.18.0
ProjectManager.FreePins=false
ProjectManager.HalAssertFull=false
ProjectManager.HeapSize=0x200
ProjectManager.KeepUserCode=true
ProjectManager.LastFirmware=true
ProjectManager.LibraryCopy=0
ProjectManager.MainLocation=Core/Src
ProjectManager.NoMain=false
ProjectManager.PreviousToolchain=
ProjectManager.ProjectBuild=false
ProjectManager.ProjectFileName=iot-risk-logger-stm32l4.ioc
ProjectManager.ProjectName=iot-risk-logger-stm32l4
ProjectManager.ProjectStructure=
ProjectManager.RegisterCallBack=
ProjectManager.StackSize=0x400
ProjectManager.TargetToolchain=Makefile
ProjectManager.ToolChainLocation=
ProjectManager.UAScriptAfterPath=
ProjectManager.UAScriptBeforePath=
ProjectManager.UnderRoot=false
ProjectManager.functionlistsort=1-SystemClock_Config-RCC-false-HAL-false,2-MX_GPIO_Init-GPIO-false-HAL-true,3-MX_CRC_Init-CRC-false-HAL-true,4-MX_RNG_Init-RNG-false-HAL-true,5-MX_FATFS_Init-FATFS-false-HAL-false,6-MX_USB_DEVICE_Init-USB_DEVICE-false-HAL-false,7-MX_RTC_Init-RTC-false-HAL-true,8-MX_LPTIM1_Init-LPTIM1-false-HAL-true,9-MX_QUADSPI_Init-QUADSPI-false-HAL-true
RCC.ADCFreq_Value=24000000
RCC.AHBFreq_Value=24000000
RCC.APB1Freq_Value=24000000
RCC.APB1TimFreq_Value=24000000
RCC.APB2Freq_Value=24000000
RCC.APB2TimFreq_Value=24000000
RCC.CK48CLockSelection=RCC_USBCLKSOURCE_PLL
RCC.CRSFreq_Value=48000000
RCC.CortexFreq_Value=24000000
RCC.FCLKCortexFreq_Value=24000000
RCC.FamilyName=M
RCC.HCLKFreq_Value=24000000
RCC.HSE_VALUE=8000000
RCC.HSI48_VALUE=48000000
RCC.HSI_VALUE=16000000
RCC.I2C1Freq_Value=24000000
RCC.I2C3Freq_Value=24000000
RCC.IPParameters=ADCFreq_Value,AHBFreq_Value,APB1Freq_Value,APB1TimFreq_Value,APB2Freq_Value,APB2TimFreq_Value,CK48CLockSelection,CRSFreq_Value,CortexFreq_Value,FCLKCortexFreq_Value,FamilyName,HCLKFreq_Value,HSE_VALUE,HSI48_VALUE,HSI_VALUE,I2C1Freq_Value,I2C3Freq_Value,LPTIM1Freq_Value,LPTIM2Freq_Value,LPUART1Freq_Value,LSCOPinFreq_Value,LSI_VALUE,MCO1PinFreq_Value,MSI_VALUE,PLLN,PLLQoutputFreq_Value,PLLR,PLLRCLKFreq_Value,PWRFreq_Value,RNGFreq_Value,RTCClockSelection,RTCFreq_Value,SYSCLKFreq_VALUE,SYSCLKSource,USART1Freq_Value,USART2Freq_Value,USBFreq_Value,VCOInputFreq_Value,VCOOutputFreq_Value,VDD_VALUE
RCC.LPTIM1Freq_Value=24000000
RCC.LPTIM2Freq_Value=24000000
RCC.LPUART1Freq_Value=24000000
RCC.LSCOPinFreq_Value=32000
RCC.LSI_VALUE=32000
RCC.MCO1PinFreq_Value=24000000
RCC.MSI_VALUE=4000000
RCC.PLLN=24
RCC.PLLQoutputFreq_Value=48000000
RCC.PLLR=RCC_PLLR_DIV4
RCC.PLLRCLKFreq_Value=24000000
RCC.PWRFreq_Value=24000000
RCC.RNGFreq_Value=48000000
RCC.RTCClockSelection=RCC_RTCCLKSOURCE_LSE
RCC.RTCFreq_Value=32768
RCC.SYSCLKFreq_VALUE=24000000
RCC.SYSCLKSource=RCC_SYSCLKSOURCE_PLLCLK
RCC.USART1Freq_Value=24000000
RCC.USART2Freq_Value=24000000
RCC.USBFreq_Value=48000000
RCC.VCOInputFreq_Value=4000000
RCC.VCOOutputFreq_Value=96000000
RCC.VDD_VALUE=3
RTC.Alarm=RTC_ALARM_A
RTC.IPParameters=Alarm
SH.GPXTI0.0=GPIO_EXTI0
SH.GPXTI0.ConfNb=1
SH.GPXTI1.0=GPIO_EXTI1
SH.GPXTI1.ConfNb=1
SH.GPXTI5.0=GPIO_EXTI5
SH.GPXTI5.ConfNb=1
SH.GPXTI6.0=GPIO_EXTI6
SH.GPXTI6.ConfNb=1
SH.GPXTI7.0=GPIO_EXTI7
SH.GPXTI7.ConfNb=1
SH.GPXTI8.0=GPIO_EXTI8
SH.GPXTI8.ConfNb=1
STMicroelectronics.X-CUBE-MEMS1.10.0.0.BSP.number=1
STMicroelectronics.X-CUBE-MEMS1.10.0.0.BoardOoPartJjAccJjLIS2DW12=I2C
STMicroelectronics.X-CUBE-MEMS1.10.0.0.BoardOoPartJjAcc_Checked=true
STMicroelectronics.X-CUBE-MEMS1.10.0.0.IPParameters=BoardOoPartJjAccJjLIS2DW12
STMicroelectronics.X-CUBE-MEMS1.10.0.00.BSP.STBoard=false
STMicroelectronics.X-CUBE-MEMS1.10.0.00.BSP.api=BSP_BUS_DRIVER
STMicroelectronics.X-CUBE-MEMS1.10.0.00.BSP.component=
STMicroelectronics.X-CUBE-MEMS1.10.0.00.BSP.condition=SEMBoardOoPartJjAccJjLIS2DW12JjI2C
STMicroelectronics.X-CUBE-MEMS1.10.0.00.BSP.instance=I2C1
STMicroelectronics.X-CUBE-MEMS1.10.0.00.BSP.ip=I2C
STMicroelectronics.X-CUBE-MEMS1.10.0.00.BSP.mode=I2C
STMicroelectronics.X-CUBE-MEMS1.10.0.00.BSP.name=LIS2DW12 BUS IO driver
STMicroelectronics.X-CUBE-MEMS1.10.0.00.BSP.semaphore=
STMicroelectronics.X-CUBE-MEMS1.10.0.00.BSP.solution=I2C1
STMicroelectronics.X-CUBE-MEMS1.10.0.0_SwParameter=BoardOoPartJjAccJjLIS2DW12\:I2C;
STMicroelectronics.X-CUBE-NFC4.3.0.0.BSP.number=2
STMicroelectronics.X-CUBE-NFC4.3.0.0.BoardOoPartJjNFC_Checked=true
STMicroelectronics.X-CUBE-NFC4.3.0.0.BoardOoSupportJjSTM32CubeIiCustomIiBSPIiDrivers_Checked=true
STMicroelectronics.X-CUBE-NFC4.3.0.0.IPParameters=STM32CubeIiCustomIiBSPIiDriversCcBoardOoSupportJjCustomJjNFCTAG,libIinfcCcWirelessJjlibIinfcJjInterface,libIinfcCcWirelessJjlibIinfcJjCore,ST25DV_PART_NUMBER,NFCCcBoardOoPartJjNFC4JjST25DV
STMicroelectronics.X-CUBE-NFC4.3.0.0.NFCCcBoardOoPartJjNFC4JjST25DV=true
STMicroelectronics.X-CUBE-NFC4.3.0.0.ST25DV_PART_NUMBER=UFDFPN8
STMicroelectronics.X-CUBE-NFC4.3.0.0.STM32CubeIiCustomIiBSPIiDriversCcBoardOoSupportJjCustomJjNFCTAG=true
STMicroelectronics.X-CUBE-NFC4.3.0.0.WirelessJjlibIinfc_Checked=true
STMicroelectronics.X-CUBE-NFC4.3.0.0.libIinfcCcWirelessJjlibIinfcJjCore=true
STMicroelectronics.X-CUBE-NFC4.3.0.0.libIinfcCcWirelessJjlibIinfcJjInterface=Template
STMicroelectronics.X-CUBE-NFC4.3.0.00.BSP.STBoard=false
STMicroelectronics.X-CUBE-NFC4.3.0.00.BSP.api=BSP_BUS_DRIVER
STMicroelectronics.X-CUBE-NFC4.3.0.00.BSP.component=
STMicroelectronics.X-CUBE-NFC4.3.0.00.BSP.condition=(SEMBoardOoSupportJjCustomJjNFCTAG)
STMicroelectronics.X-CUBE-NFC4.3.0.00.BSP.instance=I2C1
STMicroelectronics.X-CUBE-NFC4.3.0.00.BSP.ip=I2C
STMicroelectronics.X-CUBE-NFC4.3.0.00.BSP.mode=I2C
STMicroelectronics.X-CUBE-NFC4.3.0.00.BSP.name=ST25DV BUS IO driver
STMicroelectronics.X-CUBE-NFC4.3.0.00.BSP.semaphore=
STMicroelectronics.X-CUBE-NFC4.3.0.00.BSP.solution=I2C1
STMicroelectronics.X-CUBE-NFC4.3.0.01.BSP.STBoard=false
STMicroelectronics.X-CUBE-NFC4.3.0.01.BSP.api=HAL_EXTI_DRIVER
STMicroelectronics.X-CUBE-NFC4.3.0.01.BSP.component=
STMicroelectronics.X-CUBE-NFC4.3.0.01.BSP.condition=SEMBoardOoSupportJjCustomJjNFCTAG
STMicroelectronics.X-CUBE-NFC4.3.0.01.BSP.instance=PA0-CK_IN
STMicroelectronics.X-CUBE-NFC4.3.0.01.BSP.ip=GPIO
STMicroelectronics.X-CUBE-NFC4.3.0.01.BSP.mode=EXTI
STMicroelectronics.X-CUBE-NFC4.3.0.01.BSP.name=ST25DV GPO PIN
STMicroelectronics.X-CUBE-NFC4.3.0.01.BSP.semaphore=
STMicroelectronics.X-CUBE-NFC4.3.0.01.BSP.solution=PA0-CK_IN
STMicroelectronics.X-CUBE-NFC4.3.0.0_SwParameter=libIinfcCcWirelessJjlibIinfcJjInterface\:Template;STM32CubeIiCustomIiBSPIiDriversCcBoardOoSupportJjCustomJjNFCTAG\:true;libIinfcCcWirelessJjlibIinfcJjCore\:true;NFCCcBoardOoPartJjNFC4JjST25DV\:true;
USB_DEVICE.CLASS_NAME_FS=MSC
USB_DEVICE.IPParameters=VirtualMode,VirtualModeFS,CLASS_NAME_FS
USB_DEVICE.VirtualMode=Msc
USB_DEVICE.VirtualModeFS=Msc_FS
VP_CRC_VS_CRC.Mode=CRC_Activate
VP_CRC_VS_CRC.Signal=CRC_VS_CRC
VP_FATFS_VS_Generic.Mode=User_defined
VP_FATFS_VS_Generic.Signal=FATFS_VS_Generic
VP_FREERTOS_VS_CMSIS_V2.Mode=CMSIS_V2
VP_FREERTOS_VS_CMSIS_V2.Signal=FREERTOS_VS_CMSIS_V2
VP_LPTIM1_VS_LPTIM_counterModeInternalClock.Mode=Counts__internal_clock_event_00
VP_LPTIM1_VS_LPTIM_counterModeInternalClock.Signal=LPTIM1_VS_LPTIM_counterModeInternalClock
VP_RNG_VS_RNG.Mode=RNG_Activate
VP_RNG_VS_RNG.Signal=RNG_VS_RNG
VP_RTC_VS_RTC_Activate.Mode=RTC_Enabled
VP_RTC_VS_RTC_Activate.Signal=RTC_VS_RTC_Activate
VP_RTC_VS_RTC_Alarm_A_Intern.Mode=Alarm A
VP_RTC_VS_RTC_Alarm_A_Intern.Signal=RTC_VS_RTC_Alarm_A_Intern
VP_RTC_VS_RTC_Calendar.Mode=RTC_Calendar
VP_RTC_VS_RTC_Calendar.Signal=RTC_VS_RTC_Calendar
VP_STMicroelectronics.X-CUBE-MEMS1_VS_BoardOoPartJjAcc_1.4.0_10.0.0.Mode=BoardOoPartJjAcc
VP_STMicroelectronics.X-CUBE-MEMS1_VS_BoardOoPartJjAcc_1.4.0_10.0.0.Signal=STMicroelectronics.X-CUBE-MEMS1_VS_BoardOoPartJjAcc_1.4.0_10.0.0
VP_STMicroelectronics.X-CUBE-NFC4_VS_BoardOoPartJjNFC_3.0.0_3.0.0.Mode=BoardOoPartJjNFC
VP_STMicroelectronics.X-CUBE-NFC4_VS_BoardOoPartJjNFC_3.0.0_3.0.0.Signal=STMicroelectronics.X-CUBE-NFC4_VS_BoardOoPartJjNFC_3.0.0_3.0.0
VP_STMicroelectronics.X-CUBE-NFC4_VS_BoardOoSupportJjSTM32CubeIiCustomIiBSPIiDrivers_3.0.0_3.0.0.Mode=BoardOoSupportJjSTM32CubeIiCustomIiBSPIiDrivers
VP_STMicroelectronics.X-CUBE-NFC4_VS_BoardOoSupportJjSTM32CubeIiCustomIiBSPIiDrivers_3.0.0_3.0.0.Signal=STMicroelectronics.X-CUBE-NFC4_VS_BoardOoSupportJjSTM32CubeIiCustomIiBSPIiDrivers_3.0.0_3.0.0
VP_STMicroelectronics.X-CUBE-NFC4_VS_WirelessJjlibIinfc_3.0.0_3.0.0.Mode=WirelessJjlibIinfc
VP_STMicroelectronics.X-CUBE-NFC4_VS_WirelessJjlibIinfc_3.0.0_3.0.0.Signal=STMicroelectronics.X-CUBE-NFC4_VS_WirelessJjlibIinfc_3.0.0_3.0.0
VP_SYS_VS_tim6.Mode=TIM6
VP_SYS_VS_tim6.Signal=SYS_VS_tim6
VP_USB_DEVICE_VS_USB_DEVICE_MSC_FS.Mode=MSC_FS
VP_USB_DEVICE_VS_USB_DEVICE_MSC_FS.Signal=USB_DEVICE_VS_USB_DEVICE_MSC_FS
board=custom
rtos.0.ip=FREERTOS
