#MicroXplorer Configuration settings - do not modify
CAD.formats=
CAD.pinconfig=
CAD.provider=
FATFS.IPParameters=_USE_FASTSEEK
FATFS._USE_FASTSEEK=0
FREERTOS.IPParameters=Tasks01
FREERTOS.Tasks01=defaultTask,24,128,StartDefaultTask,Default,NULL,Dynamic,NULL,NULL
File.Version=6
GPIO.groupedBy=
I2C1.IPParameters=Timing
I2C1.Timing=0x00506682
KeepUserPlacement=false
Mcu.CPN=STM32L412KBT6
Mcu.Family=STM32L4
Mcu.IP0=CRC
Mcu.IP1=FATFS
Mcu.IP10=USB
Mcu.IP11=USB_DEVICE
Mcu.IP2=FREERTOS
Mcu.IP3=I2C1
Mcu.IP4=NVIC
Mcu.IP5=RCC
Mcu.IP6=RNG
Mcu.IP7=RTC
Mcu.IP8=SPI1
Mcu.IP9=SYS
Mcu.IPNb=12
Mcu.Name=STM32L412KBTx
Mcu.Package=LQFP32
Mcu.Pin0=PC14-OSC32_IN (PC14)
Mcu.Pin1=PC15-OSC32_OUT (PC15)
Mcu.Pin10=VP_CRC_VS_CRC
Mcu.Pin11=VP_FATFS_VS_Generic
Mcu.Pin12=VP_FREERTOS_VS_CMSIS_V2
Mcu.Pin13=VP_RNG_VS_RNG
Mcu.Pin14=VP_RTC_VS_RTC_Activate
Mcu.Pin15=VP_RTC_VS_RTC_Calendar
Mcu.Pin16=VP_RTC_VS_RTC_Alarm_A_Intern
Mcu.Pin17=VP_SYS_VS_Systick
Mcu.Pin18=VP_USB_DEVICE_VS_USB_DEVICE_MSC_FS
Mcu.Pin19=VP_STMicroelectronics.X-CUBE-MEMS1_VS_BoardOoPartJjAcc_1.4.0_10.0.0
Mcu.Pin2=PA5
Mcu.Pin20=VP_STMicroelectronics.X-CUBE-NFC4_VS_BoardOoPartJjNFC_3.0.0_3.0.0
Mcu.Pin3=PA6
Mcu.Pin4=PA7
Mcu.Pin5=PB0
Mcu.Pin6=PA9
Mcu.Pin7=PA10
Mcu.Pin8=PA11
Mcu.Pin9=PA12
Mcu.PinsNb=21
Mcu.ThirdParty0=STMicroelectronics.X-CUBE-MEMS1.10.0.0
Mcu.ThirdParty1=STMicroelectronics.X-CUBE-NFC4.3.0.0
Mcu.ThirdPartyNb=2
Mcu.UserConstants=
Mcu.UserName=STM32L412KBTx
MxCube.Version=6.10.0
MxDb.Version=DB.6.0.100
NVIC.BusFault_IRQn=true\:0\:0\:false\:false\:true\:false\:false\:false\:false
NVIC.DebugMonitor_IRQn=true\:0\:0\:false\:false\:true\:false\:false\:false\:false
NVIC.ForceEnableDMAVector=true
NVIC.HardFault_IRQn=true\:0\:0\:false\:false\:true\:false\:false\:false\:false
NVIC.MemoryManagement_IRQn=true\:0\:0\:false\:false\:true\:false\:false\:false\:false
NVIC.NonMaskableInt_IRQn=true\:0\:0\:false\:false\:true\:false\:false\:false\:false
NVIC.PendSV_IRQn=true\:15\:0\:false\:false\:false\:true\:false\:false\:false
NVIC.PriorityGroup=NVIC_PRIORITYGROUP_4
NVIC.SVCall_IRQn=true\:0\:0\:false\:false\:false\:false\:false\:false\:false
NVIC.SavedPendsvIrqHandlerGenerated=true
NVIC.SavedSvcallIrqHandlerGenerated=true
NVIC.SavedSystickIrqHandlerGenerated=true
NVIC.SysTick_IRQn=true\:15\:0\:false\:false\:true\:true\:false\:true\:false
NVIC.USB_IRQn=true\:5\:0\:false\:false\:true\:true\:false\:true\:true
NVIC.UsageFault_IRQn=true\:0\:0\:false\:false\:true\:false\:false\:false\:false
PA10.Mode=I2C
PA10.Signal=I2C1_SDA
PA11.Mode=Device
PA11.Signal=USB_DM
PA12.Mode=Device
PA12.Signal=USB_DP
PA5.Locked=true
PA5.Mode=Full_Duplex_Master
PA5.Signal=SPI1_SCK
PA6.Locked=true
PA6.Mode=Full_Duplex_Master
PA6.Signal=SPI1_MISO
PA7.Locked=true
PA7.Mode=Full_Duplex_Master
PA7.Signal=SPI1_MOSI
PA9.Mode=I2C
PA9.Signal=I2C1_SCL
PB0.GPIOParameters=GPIO_Label
PB0.GPIO_Label=_FLASH_CS
PB0.Locked=true
PB0.Signal=GPIO_Output
PC14-OSC32_IN\ (PC14).Locked=true
PC14-OSC32_IN\ (PC14).Mode=LSE-External-Oscillator
PC14-OSC32_IN\ (PC14).Signal=RCC_OSC32_IN
PC15-OSC32_OUT\ (PC15).Locked=true
PC15-OSC32_OUT\ (PC15).Mode=LSE-External-Oscillator
PC15-OSC32_OUT\ (PC15).Signal=RCC_OSC32_OUT
PinOutPanel.RotationAngle=0
ProjectManager.AskForMigrate=true
ProjectManager.BackupPrevious=false
ProjectManager.CompilerOptimize=6
ProjectManager.ComputerToolchain=false
ProjectManager.CoupleFile=false
ProjectManager.CustomerFirmwarePackage=
ProjectManager.DefaultFWLocation=true
ProjectManager.DeletePrevious=true
ProjectManager.DeviceId=STM32L412KBTx
ProjectManager.FirmwarePackage=STM32Cube FW_L4 V1.18.0
ProjectManager.FreePins=false
ProjectManager.HalAssertFull=false
ProjectManager.HeapSize=0x200
ProjectManager.KeepUserCode=true
ProjectManager.LastFirmware=true
ProjectManager.LibraryCopy=0
ProjectManager.MainLocation=Core/Src
ProjectManager.NoMain=false
ProjectManager.PreviousToolchain=
ProjectManager.ProjectBuild=false
ProjectManager.ProjectFileName=iot-risk-logger-stm32l4.ioc
ProjectManager.ProjectName=iot-risk-logger-stm32l4
ProjectManager.ProjectStructure=
ProjectManager.RegisterCallBack=
ProjectManager.StackSize=0x400
ProjectManager.TargetToolchain=Makefile
ProjectManager.ToolChainLocation=
ProjectManager.UAScriptAfterPath=
ProjectManager.UAScriptBeforePath=
ProjectManager.UnderRoot=false
ProjectManager.functionlistsort=1-SystemClock_Config-RCC-false-HAL-false,2-MX_GPIO_Init-GPIO-false-HAL-true,3-MX_CRC_Init-CRC-false-HAL-true,4-MX_RNG_Init-RNG-false-HAL-true,5-MX_FATFS_Init-FATFS-false-HAL-false,6-MX_USB_DEVICE_Init-USB_DEVICE-false-HAL-false,7-MX_RTC_Init-RTC-false-HAL-true,8-MX_SPI1_Init-SPI1-false-HAL-true
RCC.ADCFreq_Value=24000000
RCC.AHBFreq_Value=24000000
RCC.APB1Freq_Value=24000000
RCC.APB1TimFreq_Value=24000000
RCC.APB2Freq_Value=24000000
RCC.APB2TimFreq_Value=24000000
RCC.CK48CLockSelection=RCC_USBCLKSOURCE_PLL
RCC.CRSFreq_Value=48000000
RCC.CortexFreq_Value=24000000
RCC.FCLKCortexFreq_Value=24000000
RCC.FamilyName=M
RCC.HCLKFreq_Value=24000000
RCC.HSE_VALUE=8000000
RCC.HSI48_VALUE=48000000
RCC.HSI_VALUE=16000000
RCC.I2C1Freq_Value=24000000
RCC.I2C3Freq_Value=24000000
RCC.IPParameters=ADCFreq_Value,AHBFreq_Value,APB1Freq_Value,APB1TimFreq_Value,APB2Freq_Value,APB2TimFreq_Value,CK48CLockSelection,CRSFreq_Value,CortexFreq_Value,FCLKCortexFreq_Value,FamilyName,HCLKFreq_Value,HSE_VALUE,HSI48_VALUE,HSI_VALUE,I2C1Freq_Value,I2C3Freq_Value,LPTIM1Freq_Value,LPTIM2Freq_Value,LPUART1Freq_Value,LSCOPinFreq_Value,LSI_VALUE,MCO1PinFreq_Value,MSI_VALUE,PLLN,PLLQoutputFreq_Value,PLLR,PLLRCLKFreq_Value,PWRFreq_Value,RNGFreq_Value,RTCClockSelection,RTCFreq_Value,SYSCLKFreq_VALUE,SYSCLKSource,USART1Freq_Value,USART2Freq_Value,USBFreq_Value,VCOInputFreq_Value,VCOOutputFreq_Value
RCC.LPTIM1Freq_Value=24000000
RCC.LPTIM2Freq_Value=24000000
RCC.LPUART1Freq_Value=24000000
RCC.LSCOPinFreq_Value=32000
RCC.LSI_VALUE=32000
RCC.MCO1PinFreq_Value=24000000
RCC.MSI_VALUE=4000000
RCC.PLLN=24
RCC.PLLQoutputFreq_Value=48000000
RCC.PLLR=RCC_PLLR_DIV4
RCC.PLLRCLKFreq_Value=24000000
RCC.PWRFreq_Value=24000000
RCC.RNGFreq_Value=48000000
RCC.RTCClockSelection=RCC_RTCCLKSOURCE_LSE
RCC.RTCFreq_Value=32768
RCC.SYSCLKFreq_VALUE=24000000
RCC.SYSCLKSource=RCC_SYSCLKSOURCE_PLLCLK
RCC.USART1Freq_Value=24000000
RCC.USART2Freq_Value=24000000
RCC.USBFreq_Value=48000000
RCC.VCOInputFreq_Value=4000000
RCC.VCOOutputFreq_Value=96000000
RTC.Alarm=RTC_ALARM_A
RTC.IPParameters=Alarm
SPI1.CalculateBaudRate=12.0 MBits/s
SPI1.Direction=SPI_DIRECTION_2LINES
SPI1.IPParameters=VirtualType,Mode,Direction,CalculateBaudRate
SPI1.Mode=SPI_MODE_MASTER
SPI1.VirtualType=VM_MASTER
STMicroelectronics.X-CUBE-MEMS1.10.0.0.BSP.number=1
STMicroelectronics.X-CUBE-MEMS1.10.0.0.BoardOoPartJjAccJjLIS2DW12=I2C
STMicroelectronics.X-CUBE-MEMS1.10.0.0.BoardOoPartJjAcc_Checked=true
STMicroelectronics.X-CUBE-MEMS1.10.0.0.IPParameters=BoardOoPartJjAccJjLIS2DW12
STMicroelectronics.X-CUBE-MEMS1.10.0.00.BSP.STBoard=false
STMicroelectronics.X-CUBE-MEMS1.10.0.00.BSP.api=BSP_BUS_DRIVER
STMicroelectronics.X-CUBE-MEMS1.10.0.00.BSP.component=
STMicroelectronics.X-CUBE-MEMS1.10.0.00.BSP.condition=SEMBoardOoPartJjAccJjLIS2DW12JjI2C
STMicroelectronics.X-CUBE-MEMS1.10.0.00.BSP.instance=I2C1
STMicroelectronics.X-CUBE-MEMS1.10.0.00.BSP.ip=I2C
STMicroelectronics.X-CUBE-MEMS1.10.0.00.BSP.mode=I2C
STMicroelectronics.X-CUBE-MEMS1.10.0.00.BSP.name=LIS2DW12 BUS IO driver
STMicroelectronics.X-CUBE-MEMS1.10.0.00.BSP.semaphore=
STMicroelectronics.X-CUBE-MEMS1.10.0.00.BSP.solution=I2C1
STMicroelectronics.X-CUBE-MEMS1.10.0.0_SwParameter=BoardOoPartJjAccJjLIS2DW12\:I2C;
STMicroelectronics.X-CUBE-NFC4.3.0.0.BoardOoPartJjNFC_Checked=true
STMicroelectronics.X-CUBE-NFC4.3.0.0.IPParameters=NFCCcBoardOoPartJjNFC4JjST25DV
STMicroelectronics.X-CUBE-NFC4.3.0.0.NFCCcBoardOoPartJjNFC4JjST25DV=true
STMicroelectronics.X-CUBE-NFC4.3.0.0_SwParameter=NFCCcBoardOoPartJjNFC4JjST25DV\:true;
USB_DEVICE.CLASS_NAME_FS=MSC
USB_DEVICE.IPParameters=VirtualMode,VirtualModeFS,CLASS_NAME_FS
USB_DEVICE.VirtualMode=Msc
USB_DEVICE.VirtualModeFS=Msc_FS
VP_CRC_VS_CRC.Mode=CRC_Activate
VP_CRC_VS_CRC.Signal=CRC_VS_CRC
VP_FATFS_VS_Generic.Mode=User_defined
VP_FATFS_VS_Generic.Signal=FATFS_VS_Generic
VP_FREERTOS_VS_CMSIS_V2.Mode=CMSIS_V2
VP_FREERTOS_VS_CMSIS_V2.Signal=FREERTOS_VS_CMSIS_V2
VP_RNG_VS_RNG.Mode=RNG_Activate
VP_RNG_VS_RNG.Signal=RNG_VS_RNG
VP_RTC_VS_RTC_Activate.Mode=RTC_Enabled
VP_RTC_VS_RTC_Activate.Signal=RTC_VS_RTC_Activate
VP_RTC_VS_RTC_Alarm_A_Intern.Mode=Alarm A
VP_RTC_VS_RTC_Alarm_A_Intern.Signal=RTC_VS_RTC_Alarm_A_Intern
VP_RTC_VS_RTC_Calendar.Mode=RTC_Calendar
VP_RTC_VS_RTC_Calendar.Signal=RTC_VS_RTC_Calendar
VP_STMicroelectronics.X-CUBE-MEMS1_VS_BoardOoPartJjAcc_1.4.0_10.0.0.Mode=BoardOoPartJjAcc
VP_STMicroelectronics.X-CUBE-MEMS1_VS_BoardOoPartJjAcc_1.4.0_10.0.0.Signal=STMicroelectronics.X-CUBE-MEMS1_VS_BoardOoPartJjAcc_1.4.0_10.0.0
VP_STMicroelectronics.X-CUBE-NFC4_VS_BoardOoPartJjNFC_3.0.0_3.0.0.Mode=BoardOoPartJjNFC
VP_STMicroelectronics.X-CUBE-NFC4_VS_BoardOoPartJjNFC_3.0.0_3.0.0.Signal=STMicroelectronics.X-CUBE-NFC4_VS_BoardOoPartJjNFC_3.0.0_3.0.0
VP_SYS_VS_Systick.Mode=SysTick
VP_SYS_VS_Systick.Signal=SYS_VS_Systick
VP_USB_DEVICE_VS_USB_DEVICE_MSC_FS.Mode=MSC_FS
VP_USB_DEVICE_VS_USB_DEVICE_MSC_FS.Signal=USB_DEVICE_VS_USB_DEVICE_MSC_FS
board=custom
rtos.0.ip=FREERTOS
